
Microsoft Visual Studio Solution File, Format Version 12.00
# Visual Studio Version 16
VisualStudioVersion = 16.0.31624.102
MinimumVisualStudioVersion = 10.0.40219.1
Project("{FAE04EC0-301F-11D3-BF4B-00C04F79EFBC}") = "HelloWorld", "HelloWorld\HelloWorld.csproj", "{94EC82CD-0A29-4EBB-A192-4E21A398791E}"
EndProject
Global
	GlobalSection(SolutionConfigurationPlatforms) = preSolution
		Debug|Any CPU = Debug|Any CPU
		Release|Any CPU = Release|Any CPU
	EndGlobalSection
	GlobalSection(ProjectConfigurationPlatforms) = postSolution
		{94EC82CD-0A29-4EBB-A192-4E21A398791E}.Debug|Any CPU.ActiveCfg = Debug|Any CPU
		{94EC82CD-0A29-4EBB-A192-4E21A398791E}.Debug|Any CPU.Build.0 = Debug|Any CPU
		{94EC82CD-0A29-4EBB-A192-4E21A398791E}.Release|Any CPU.ActiveCfg = Release|Any CPU
		{94EC82CD-0A29-4EBB-A192-4E21A398791E}.Release|Any CPU.Build.0 = Release|Any CPU
	EndGlobalSection
	GlobalSection(SolutionProperties) = preSolution
		HideSolutionNode = FALSE
	EndGlobalSection
	GlobalSection(ExtensibilityGlobals) = postSolution
		SolutionGuid = {98CF17FB-708B-4984-94D7-E8DB01A527D7}
	EndGlobalSection
EndGlobal
