
Microsoft Visual Studio Solution File, Format Version 12.00
# Visual Studio Version 16
VisualStudioVersion = 16.0.31624.102
MinimumVisualStudioVersion = 10.0.40219.1
Project("{FAE04EC0-301F-11D3-BF4B-00C04F79EFBC}") = "TP2.UI", "TP2.UI\TP2.UI.csproj", "{53FDA0EB-0D74-4787-906A-E479CBE6B504}"
EndProject
Project("{FAE04EC0-301F-11D3-BF4B-00C04F79EFBC}") = "TP2.Entities", "TP2.Entities\TP2.Entities.csproj", "{2DE580DD-AB6D-4E80-8E64-A3E3A8AEFADB}"
EndProject
Project("{FAE04EC0-301F-11D3-BF4B-00C04F79EFBC}") = "TP2.UnitTest", "TP2.UnitTest\TP2.UnitTest.csproj", "{0C8A231B-420B-4637-B5B3-C6E9B2BC4626}"
EndProject
Global
	GlobalSection(SolutionConfigurationPlatforms) = preSolution
		Debug|Any CPU = Debug|Any CPU
		Release|Any CPU = Release|Any CPU
	EndGlobalSection
	GlobalSection(ProjectConfigurationPlatforms) = postSolution
		{53FDA0EB-0D74-4787-906A-E479CBE6B504}.Debug|Any CPU.ActiveCfg = Debug|Any CPU
		{53FDA0EB-0D74-4787-906A-E479CBE6B504}.Debug|Any CPU.Build.0 = Debug|Any CPU
		{53FDA0EB-0D74-4787-906A-E479CBE6B504}.Release|Any CPU.ActiveCfg = Release|Any CPU
		{53FDA0EB-0D74-4787-906A-E479CBE6B504}.Release|Any CPU.Build.0 = Release|Any CPU
		{2DE580DD-AB6D-4E80-8E64-A3E3A8AEFADB}.Debug|Any CPU.ActiveCfg = Debug|Any CPU
		{2DE580DD-AB6D-4E80-8E64-A3E3A8AEFADB}.Debug|Any CPU.Build.0 = Debug|Any CPU
		{2DE580DD-AB6D-4E80-8E64-A3E3A8AEFADB}.Release|Any CPU.ActiveCfg = Release|Any CPU
		{2DE580DD-AB6D-4E80-8E64-A3E3A8AEFADB}.Release|Any CPU.Build.0 = Release|Any CPU
		{0C8A231B-420B-4637-B5B3-C6E9B2BC4626}.Debug|Any CPU.ActiveCfg = Debug|Any CPU
		{0C8A231B-420B-4637-B5B3-C6E9B2BC4626}.Debug|Any CPU.Build.0 = Debug|Any CPU
		{0C8A231B-420B-4637-B5B3-C6E9B2BC4626}.Release|Any CPU.ActiveCfg = Release|Any CPU
		{0C8A231B-420B-4637-B5B3-C6E9B2BC4626}.Release|Any CPU.Build.0 = Release|Any CPU
	EndGlobalSection
	GlobalSection(SolutionProperties) = preSolution
		HideSolutionNode = FALSE
	EndGlobalSection
	GlobalSection(ExtensibilityGlobals) = postSolution
		SolutionGuid = {FD58D569-A9AB-48EE-9D83-E8F2DE0205FF}
	EndGlobalSection
EndGlobal
