
Microsoft Visual Studio Solution File, Format Version 12.00
# Visual Studio Version 16
VisualStudioVersion = 16.0.31702.278
MinimumVisualStudioVersion = 10.0.40219.1
Project("{FAE04EC0-301F-11D3-BF4B-00C04F79EFBC}") = "TP4.UI", "TP4.UI\TP4.UI.csproj", "{DA0E3401-3D11-45A3-86B9-38F3BC2E9A85}"
EndProject
Project("{FAE04EC0-301F-11D3-BF4B-00C04F79EFBC}") = "TP4.Data", "TP4.Data\TP4.Data.csproj", "{F2DEA167-745C-4327-ACC6-FF48000C68F0}"
EndProject
Project("{FAE04EC0-301F-11D3-BF4B-00C04F79EFBC}") = "T`P4.Entities", "TP4.Entities\T`P4.Entities.csproj", "{7FE1FB57-DE90-4A69-8093-3A8CCF257ADD}"
EndProject
Project("{FAE04EC0-301F-11D3-BF4B-00C04F79EFBC}") = "TP4.Logic", "TP4.Logic\TP4.Logic.csproj", "{F46E2B34-8A75-4A5D-8544-4BE7E539FC07}"
EndProject
Project("{FAE04EC0-301F-11D3-BF4B-00C04F79EFBC}") = "TP4.UnitTest", "TP4.UnitTest\TP4.UnitTest.csproj", "{EC770CDE-DD07-465F-B19E-4D88CDEFA463}"
EndProject
Global
	GlobalSection(SolutionConfigurationPlatforms) = preSolution
		Debug|Any CPU = Debug|Any CPU
		Release|Any CPU = Release|Any CPU
	EndGlobalSection
	GlobalSection(ProjectConfigurationPlatforms) = postSolution
		{DA0E3401-3D11-45A3-86B9-38F3BC2E9A85}.Debug|Any CPU.ActiveCfg = Debug|Any CPU
		{DA0E3401-3D11-45A3-86B9-38F3BC2E9A85}.Debug|Any CPU.Build.0 = Debug|Any CPU
		{DA0E3401-3D11-45A3-86B9-38F3BC2E9A85}.Release|Any CPU.ActiveCfg = Release|Any CPU
		{DA0E3401-3D11-45A3-86B9-38F3BC2E9A85}.Release|Any CPU.Build.0 = Release|Any CPU
		{F2DEA167-745C-4327-ACC6-FF48000C68F0}.Debug|Any CPU.ActiveCfg = Debug|Any CPU
		{F2DEA167-745C-4327-ACC6-FF48000C68F0}.Debug|Any CPU.Build.0 = Debug|Any CPU
		{F2DEA167-745C-4327-ACC6-FF48000C68F0}.Release|Any CPU.ActiveCfg = Release|Any CPU
		{F2DEA167-745C-4327-ACC6-FF48000C68F0}.Release|Any CPU.Build.0 = Release|Any CPU
		{7FE1FB57-DE90-4A69-8093-3A8CCF257ADD}.Debug|Any CPU.ActiveCfg = Debug|Any CPU
		{7FE1FB57-DE90-4A69-8093-3A8CCF257ADD}.Debug|Any CPU.Build.0 = Debug|Any CPU
		{7FE1FB57-DE90-4A69-8093-3A8CCF257ADD}.Release|Any CPU.ActiveCfg = Release|Any CPU
		{7FE1FB57-DE90-4A69-8093-3A8CCF257ADD}.Release|Any CPU.Build.0 = Release|Any CPU
		{F46E2B34-8A75-4A5D-8544-4BE7E539FC07}.Debug|Any CPU.ActiveCfg = Debug|Any CPU
		{F46E2B34-8A75-4A5D-8544-4BE7E539FC07}.Debug|Any CPU.Build.0 = Debug|Any CPU
		{F46E2B34-8A75-4A5D-8544-4BE7E539FC07}.Release|Any CPU.ActiveCfg = Release|Any CPU
		{F46E2B34-8A75-4A5D-8544-4BE7E539FC07}.Release|Any CPU.Build.0 = Release|Any CPU
		{EC770CDE-DD07-465F-B19E-4D88CDEFA463}.Debug|Any CPU.ActiveCfg = Debug|Any CPU
		{EC770CDE-DD07-465F-B19E-4D88CDEFA463}.Debug|Any CPU.Build.0 = Debug|Any CPU
		{EC770CDE-DD07-465F-B19E-4D88CDEFA463}.Release|Any CPU.ActiveCfg = Release|Any CPU
		{EC770CDE-DD07-465F-B19E-4D88CDEFA463}.Release|Any CPU.Build.0 = Release|Any CPU
	EndGlobalSection
	GlobalSection(SolutionProperties) = preSolution
		HideSolutionNode = FALSE
	EndGlobalSection
	GlobalSection(ExtensibilityGlobals) = postSolution
		SolutionGuid = {36A32913-2F60-4947-854C-631AE98DBA16}
	EndGlobalSection
EndGlobal
