
Microsoft Visual Studio Solution File, Format Version 12.00
# Visual Studio Version 16
VisualStudioVersion = 16.0.31702.278
MinimumVisualStudioVersion = 10.0.40219.1
Project("{FAE04EC0-301F-11D3-BF4B-00C04F79EFBC}") = "TP5.Data", "TP5.Data\TP5.Data.csproj", "{F9DD26F4-2637-41BE-8DA6-C06CC129BD96}"
EndProject
Project("{FAE04EC0-301F-11D3-BF4B-00C04F79EFBC}") = "TP5.UnitTest", "TP5.UnitTest\TP5.UnitTest.csproj", "{A0FA60FD-B099-42CA-BA15-FF49FE890544}"
EndProject
Project("{FAE04EC0-301F-11D3-BF4B-00C04F79EFBC}") = "TP5.Entities", "TP5.Entities\TP5.Entities.csproj", "{B9C53E7C-1D76-4EAE-AF58-325102E27DD0}"
EndProject
Project("{FAE04EC0-301F-11D3-BF4B-00C04F79EFBC}") = "TP5.Logic", "TP5.Logic\TP5.Logic.csproj", "{9796F610-53BA-4453-A1DA-D4AB3367D999}"
EndProject
Project("{FAE04EC0-301F-11D3-BF4B-00C04F79EFBC}") = "TP5.UI", "TP5.UI\TP5.UI.csproj", "{5684DD28-3764-43A2-8726-B25842154317}"
EndProject
Global
	GlobalSection(SolutionConfigurationPlatforms) = preSolution
		Debug|Any CPU = Debug|Any CPU
		Release|Any CPU = Release|Any CPU
	EndGlobalSection
	GlobalSection(ProjectConfigurationPlatforms) = postSolution
		{F9DD26F4-2637-41BE-8DA6-C06CC129BD96}.Debug|Any CPU.ActiveCfg = Debug|Any CPU
		{F9DD26F4-2637-41BE-8DA6-C06CC129BD96}.Debug|Any CPU.Build.0 = Debug|Any CPU
		{F9DD26F4-2637-41BE-8DA6-C06CC129BD96}.Release|Any CPU.ActiveCfg = Release|Any CPU
		{F9DD26F4-2637-41BE-8DA6-C06CC129BD96}.Release|Any CPU.Build.0 = Release|Any CPU
		{A0FA60FD-B099-42CA-BA15-FF49FE890544}.Debug|Any CPU.ActiveCfg = Debug|Any CPU
		{A0FA60FD-B099-42CA-BA15-FF49FE890544}.Debug|Any CPU.Build.0 = Debug|Any CPU
		{A0FA60FD-B099-42CA-BA15-FF49FE890544}.Release|Any CPU.ActiveCfg = Release|Any CPU
		{A0FA60FD-B099-42CA-BA15-FF49FE890544}.Release|Any CPU.Build.0 = Release|Any CPU
		{B9C53E7C-1D76-4EAE-AF58-325102E27DD0}.Debug|Any CPU.ActiveCfg = Debug|Any CPU
		{B9C53E7C-1D76-4EAE-AF58-325102E27DD0}.Debug|Any CPU.Build.0 = Debug|Any CPU
		{B9C53E7C-1D76-4EAE-AF58-325102E27DD0}.Release|Any CPU.ActiveCfg = Release|Any CPU
		{B9C53E7C-1D76-4EAE-AF58-325102E27DD0}.Release|Any CPU.Build.0 = Release|Any CPU
		{9796F610-53BA-4453-A1DA-D4AB3367D999}.Debug|Any CPU.ActiveCfg = Debug|Any CPU
		{9796F610-53BA-4453-A1DA-D4AB3367D999}.Debug|Any CPU.Build.0 = Debug|Any CPU
		{9796F610-53BA-4453-A1DA-D4AB3367D999}.Release|Any CPU.ActiveCfg = Release|Any CPU
		{9796F610-53BA-4453-A1DA-D4AB3367D999}.Release|Any CPU.Build.0 = Release|Any CPU
		{5684DD28-3764-43A2-8726-B25842154317}.Debug|Any CPU.ActiveCfg = Debug|Any CPU
		{5684DD28-3764-43A2-8726-B25842154317}.Debug|Any CPU.Build.0 = Debug|Any CPU
		{5684DD28-3764-43A2-8726-B25842154317}.Release|Any CPU.ActiveCfg = Release|Any CPU
		{5684DD28-3764-43A2-8726-B25842154317}.Release|Any CPU.Build.0 = Release|Any CPU
	EndGlobalSection
	GlobalSection(SolutionProperties) = preSolution
		HideSolutionNode = FALSE
	EndGlobalSection
	GlobalSection(ExtensibilityGlobals) = postSolution
		SolutionGuid = {8BBE4749-5FA0-4A3E-AB2C-4607AB254F46}
	EndGlobalSection
EndGlobal
